
Microsoft Visual Studio Solution File, Format Version 12.00
# Visual Studio Version 17
VisualStudioVersion = 17.4.33213.308
MinimumVisualStudioVersion = 10.0.40219.1
Project("{9A19103F-16F7-4668-BE54-9A1E7A4F7556}") = "Brewery_Wholesale_Management", "Brewery_Wholesale_Management\Brewery_Wholesale_Management.csproj", "{E30EAFDF-1370-479F-8E6B-809C3691C059}"
EndProject
Project("{FAE04EC0-301F-11D3-BF4B-00C04F79EFBC}") = "Brewery_wholesale_managementTests", "Brewery_wholesale_managementTests\Brewery_wholesale_managementTests.csproj", "{9BB9B6B5-AD4B-4B47-8D12-4A00AA591193}"
EndProject
Global
	GlobalSection(SolutionConfigurationPlatforms) = preSolution
		Debug|Any CPU = Debug|Any CPU
		Release|Any CPU = Release|Any CPU
	EndGlobalSection
	GlobalSection(ProjectConfigurationPlatforms) = postSolution
		{E30EAFDF-1370-479F-8E6B-809C3691C059}.Debug|Any CPU.ActiveCfg = Debug|Any CPU
		{E30EAFDF-1370-479F-8E6B-809C3691C059}.Debug|Any CPU.Build.0 = Debug|Any CPU
		{E30EAFDF-1370-479F-8E6B-809C3691C059}.Release|Any CPU.ActiveCfg = Release|Any CPU
		{E30EAFDF-1370-479F-8E6B-809C3691C059}.Release|Any CPU.Build.0 = Release|Any CPU
		{9BB9B6B5-AD4B-4B47-8D12-4A00AA591193}.Debug|Any CPU.ActiveCfg = Debug|Any CPU
		{9BB9B6B5-AD4B-4B47-8D12-4A00AA591193}.Debug|Any CPU.Build.0 = Debug|Any CPU
		{9BB9B6B5-AD4B-4B47-8D12-4A00AA591193}.Release|Any CPU.ActiveCfg = Release|Any CPU
		{9BB9B6B5-AD4B-4B47-8D12-4A00AA591193}.Release|Any CPU.Build.0 = Release|Any CPU
	EndGlobalSection
	GlobalSection(SolutionProperties) = preSolution
		HideSolutionNode = FALSE
	EndGlobalSection
	GlobalSection(ExtensibilityGlobals) = postSolution
		SolutionGuid = {933455FC-C9ED-487B-8CBD-3AEEA85B8964}
	EndGlobalSection
EndGlobal
